
Microsoft Visual Studio Solution File, Format Version 12.00
# Visual Studio Version 16
VisualStudioVersion = 16.0.31702.278
MinimumVisualStudioVersion = 10.0.40219.1
Project("{FAE04EC0-301F-11D3-BF4B-00C04F79EFBC}") = "API", "API\API.csproj", "{6A871A5A-1342-418D-9F47-CB71FFCE1C24}"
EndProject
Project("{FAE04EC0-301F-11D3-BF4B-00C04F79EFBC}") = "BLL", "BLL\BLL.csproj", "{5E023BAC-A9BE-4CA4-A4FE-68A9E75D5B1B}"
EndProject
Project("{FAE04EC0-301F-11D3-BF4B-00C04F79EFBC}") = "DAL", "DAL\DAL.csproj", "{EF35B9CF-E69D-4FB6-9D2A-14FA2B794270}"
EndProject
Global
	GlobalSection(SolutionConfigurationPlatforms) = preSolution
		Debug|Any CPU = Debug|Any CPU
		Release|Any CPU = Release|Any CPU
	EndGlobalSection
	GlobalSection(ProjectConfigurationPlatforms) = postSolution
		{6A871A5A-1342-418D-9F47-CB71FFCE1C24}.Debug|Any CPU.ActiveCfg = Debug|Any CPU
		{6A871A5A-1342-418D-9F47-CB71FFCE1C24}.Debug|Any CPU.Build.0 = Debug|Any CPU
		{6A871A5A-1342-418D-9F47-CB71FFCE1C24}.Release|Any CPU.ActiveCfg = Release|Any CPU
		{6A871A5A-1342-418D-9F47-CB71FFCE1C24}.Release|Any CPU.Build.0 = Release|Any CPU
		{5E023BAC-A9BE-4CA4-A4FE-68A9E75D5B1B}.Debug|Any CPU.ActiveCfg = Debug|Any CPU
		{5E023BAC-A9BE-4CA4-A4FE-68A9E75D5B1B}.Debug|Any CPU.Build.0 = Debug|Any CPU
		{5E023BAC-A9BE-4CA4-A4FE-68A9E75D5B1B}.Release|Any CPU.ActiveCfg = Release|Any CPU
		{5E023BAC-A9BE-4CA4-A4FE-68A9E75D5B1B}.Release|Any CPU.Build.0 = Release|Any CPU
		{EF35B9CF-E69D-4FB6-9D2A-14FA2B794270}.Debug|Any CPU.ActiveCfg = Debug|Any CPU
		{EF35B9CF-E69D-4FB6-9D2A-14FA2B794270}.Debug|Any CPU.Build.0 = Debug|Any CPU
		{EF35B9CF-E69D-4FB6-9D2A-14FA2B794270}.Release|Any CPU.ActiveCfg = Release|Any CPU
		{EF35B9CF-E69D-4FB6-9D2A-14FA2B794270}.Release|Any CPU.Build.0 = Release|Any CPU
	EndGlobalSection
	GlobalSection(SolutionProperties) = preSolution
		HideSolutionNode = FALSE
	EndGlobalSection
	GlobalSection(ExtensibilityGlobals) = postSolution
		SolutionGuid = {10724B5B-8401-4906-9525-647D207DA6A7}
	EndGlobalSection
EndGlobal
